// !$*UTF8*$!
{
	archiveVersion = 1;
	classes = {
	};
	objectVersion = 48;
	objects = {

/* Begin PBXBuildFile section */
		913B5A30207E99F4006DCBFD /* beontime_logo_225x225.png in Resources */ = {isa = PBXBuildFile; fileRef = 913B5A2D207E99F4006DCBFD /* beontime_logo_225x225.png */; };
		913B5A31207E99F4006DCBFD /* beontime_logo_32x32.png in Resources */ = {isa = PBXBuildFile; fileRef = 913B5A2E207E99F4006DCBFD /* beontime_logo_32x32.png */; };
		913B5A32207E99F4006DCBFD /* beontime_logo_639x165.png in Resources */ = {isa = PBXBuildFile; fileRef = 913B5A2F207E99F4006DCBFD /* beontime_logo_639x165.png */; };
		917327B620868BF4008E6CA7 /* LoginViewController.swift in Sources */ = {isa = PBXBuildFile; fileRef = 917327B520868BF4008E6CA7 /* LoginViewController.swift */; };
		917327B820868FF5008E6CA7 /* EmloyeeViewController.swift in Sources */ = {isa = PBXBuildFile; fileRef = 917327B720868FF5008E6CA7 /* EmloyeeViewController.swift */; };
		917327BA2086902E008E6CA7 /* ManagerViewController.swift in Sources */ = {isa = PBXBuildFile; fileRef = 917327B92086902E008E6CA7 /* ManagerViewController.swift */; };
		917327BE2086907F008E6CA7 /* EmployeeViewTableViewController.swift in Sources */ = {isa = PBXBuildFile; fileRef = 917327BD2086907F008E6CA7 /* EmployeeViewTableViewController.swift */; };
		91C01C87207CE19000162F42 /* AppDelegate.swift in Sources */ = {isa = PBXBuildFile; fileRef = 91C01C86207CE19000162F42 /* AppDelegate.swift */; };
		91C01C8C207CE19000162F42 /* Main.storyboard in Resources */ = {isa = PBXBuildFile; fileRef = 91C01C8A207CE19000162F42 /* Main.storyboard */; };
		91C01C8E207CE19000162F42 /* Assets.xcassets in Resources */ = {isa = PBXBuildFile; fileRef = 91C01C8D207CE19000162F42 /* Assets.xcassets */; };
		91C01C91207CE19000162F42 /* LaunchScreen.storyboard in Resources */ = {isa = PBXBuildFile; fileRef = 91C01C8F207CE19000162F42 /* LaunchScreen.storyboard */; };
/* End PBXBuildFile section */

/* Begin PBXFileReference section */
		913B5A2D207E99F4006DCBFD /* beontime_logo_225x225.png */ = {isa = PBXFileReference; lastKnownFileType = image.png; path = beontime_logo_225x225.png; sourceTree = "<group>"; };
		913B5A2E207E99F4006DCBFD /* beontime_logo_32x32.png */ = {isa = PBXFileReference; lastKnownFileType = image.png; path = beontime_logo_32x32.png; sourceTree = "<group>"; };
		913B5A2F207E99F4006DCBFD /* beontime_logo_639x165.png */ = {isa = PBXFileReference; lastKnownFileType = image.png; path = beontime_logo_639x165.png; sourceTree = "<group>"; };
		913B5A3C207EAA7B006DCBFD /* CoreGraphics.framework */ = {isa = PBXFileReference; lastKnownFileType = wrapper.framework; name = CoreGraphics.framework; path = System/Library/Frameworks/CoreGraphics.framework; sourceTree = SDKROOT; };
		913B5A3D207EAA7B006DCBFD /* libz.tbd */ = {isa = PBXFileReference; lastKnownFileType = "sourcecode.text-based-dylib-definition"; name = libz.tbd; path = usr/lib/libz.tbd; sourceTree = SDKROOT; };
		913B5A3E207EAA7B006DCBFD /* CoreLocation.framework */ = {isa = PBXFileReference; lastKnownFileType = wrapper.framework; name = CoreLocation.framework; path = System/Library/Frameworks/CoreLocation.framework; sourceTree = SDKROOT; };
		913B5A3F207EAA7B006DCBFD /* libc++.1.tbd */ = {isa = PBXFileReference; lastKnownFileType = "sourcecode.text-based-dylib-definition"; name = "libc++.1.tbd"; path = "usr/lib/libc++.1.tbd"; sourceTree = SDKROOT; };
		913B5A40207EAA7B006DCBFD /* UIKit.framework */ = {isa = PBXFileReference; lastKnownFileType = wrapper.framework; name = UIKit.framework; path = System/Library/Frameworks/UIKit.framework; sourceTree = SDKROOT; };
		913B5A41207EAA7B006DCBFD /* GLKit.framework */ = {isa = PBXFileReference; lastKnownFileType = wrapper.framework; name = GLKit.framework; path = System/Library/Frameworks/GLKit.framework; sourceTree = SDKROOT; };
		913B5A42207EAA7B006DCBFD /* SystemConfiguration.framework */ = {isa = PBXFileReference; lastKnownFileType = wrapper.framework; name = SystemConfiguration.framework; path = System/Library/Frameworks/SystemConfiguration.framework; sourceTree = SDKROOT; };
		913B5A43207EAA7B006DCBFD /* ImageIO.framework */ = {isa = PBXFileReference; lastKnownFileType = wrapper.framework; name = ImageIO.framework; path = System/Library/Frameworks/ImageIO.framework; sourceTree = SDKROOT; };
		913B5A44207EAA7B006DCBFD /* Accelerate.framework */ = {isa = PBXFileReference; lastKnownFileType = wrapper.framework; name = Accelerate.framework; path = System/Library/Frameworks/Accelerate.framework; sourceTree = SDKROOT; };
		913B5A45207EAA7B006DCBFD /* CoreImage.framework */ = {isa = PBXFileReference; lastKnownFileType = wrapper.framework; name = CoreImage.framework; path = System/Library/Frameworks/CoreImage.framework; sourceTree = SDKROOT; };
		913B5A46207EAA7B006DCBFD /* CoreText.framework */ = {isa = PBXFileReference; lastKnownFileType = wrapper.framework; name = CoreText.framework; path = System/Library/Frameworks/CoreText.framework; sourceTree = SDKROOT; };
		913B5A47207EAA7B006DCBFD /* CoreTelephony.framework */ = {isa = PBXFileReference; lastKnownFileType = wrapper.framework; name = CoreTelephony.framework; path = System/Library/Frameworks/CoreTelephony.framework; sourceTree = SDKROOT; };
		913B5A48207EAA7B006DCBFD /* CoreData.framework */ = {isa = PBXFileReference; lastKnownFileType = wrapper.framework; name = CoreData.framework; path = System/Library/Frameworks/CoreData.framework; sourceTree = SDKROOT; };
		913B5A56207EAADF006DCBFD /* GoogleMapsM4B.framework */ = {isa = PBXFileReference; lastKnownFileType = wrapper.framework; name = GoogleMapsM4B.framework; path = "../../Downloads/GoogleMaps-2.6.0/M4B/Frameworks/GoogleMapsM4B.framework"; sourceTree = "<group>"; };
		917327B520868BF4008E6CA7 /* LoginViewController.swift */ = {isa = PBXFileReference; lastKnownFileType = sourcecode.swift; path = LoginViewController.swift; sourceTree = "<group>"; };
		917327B720868FF5008E6CA7 /* EmloyeeViewController.swift */ = {isa = PBXFileReference; lastKnownFileType = sourcecode.swift; path = EmloyeeViewController.swift; sourceTree = "<group>"; };
		917327B92086902E008E6CA7 /* ManagerViewController.swift */ = {isa = PBXFileReference; lastKnownFileType = sourcecode.swift; path = ManagerViewController.swift; sourceTree = "<group>"; };
		917327BD2086907F008E6CA7 /* EmployeeViewTableViewController.swift */ = {isa = PBXFileReference; lastKnownFileType = sourcecode.swift; path = EmployeeViewTableViewController.swift; sourceTree = "<group>"; };
		91C01C83207CE19000162F42 /* BeOnTime-iOSApp.app */ = {isa = PBXFileReference; explicitFileType = wrapper.application; includeInIndex = 0; path = "BeOnTime-iOSApp.app"; sourceTree = BUILT_PRODUCTS_DIR; };
		91C01C86207CE19000162F42 /* AppDelegate.swift */ = {isa = PBXFileReference; lastKnownFileType = sourcecode.swift; path = AppDelegate.swift; sourceTree = "<group>"; };
		91C01C8B207CE19000162F42 /* Base */ = {isa = PBXFileReference; lastKnownFileType = file.storyboard; name = Base; path = Base.lproj/Main.storyboard; sourceTree = "<group>"; };
		91C01C8D207CE19000162F42 /* Assets.xcassets */ = {isa = PBXFileReference; lastKnownFileType = folder.assetcatalog; path = Assets.xcassets; sourceTree = "<group>"; };
		91C01C90207CE19000162F42 /* Base */ = {isa = PBXFileReference; lastKnownFileType = file.storyboard; name = Base; path = Base.lproj/LaunchScreen.storyboard; sourceTree = "<group>"; };
		91C01C92207CE19000162F42 /* Info.plist */ = {isa = PBXFileReference; lastKnownFileType = text.plist.xml; path = Info.plist; sourceTree = "<group>"; };
/* End PBXFileReference section */

/* Begin PBXFrameworksBuildPhase section */
		91C01C80207CE19000162F42 /* Frameworks */ = {
			isa = PBXFrameworksBuildPhase;
			buildActionMask = 2147483647;
			files = (
			);
			runOnlyForDeploymentPostprocessing = 0;
		};
/* End PBXFrameworksBuildPhase section */

/* Begin PBXGroup section */
		913B5A2C207E99F4006DCBFD /* images */ = {
			isa = PBXGroup;
			children = (
				913B5A2D207E99F4006DCBFD /* beontime_logo_225x225.png */,
				913B5A2E207E99F4006DCBFD /* beontime_logo_32x32.png */,
				913B5A2F207E99F4006DCBFD /* beontime_logo_639x165.png */,
			);
			path = images;
			sourceTree = "<group>";
		};
		913B5A3B207EAA7B006DCBFD /* Frameworks */ = {
			isa = PBXGroup;
			children = (
				913B5A56207EAADF006DCBFD /* GoogleMapsM4B.framework */,
				913B5A44207EAA7B006DCBFD /* Accelerate.framework */,
				913B5A48207EAA7B006DCBFD /* CoreData.framework */,
				913B5A3C207EAA7B006DCBFD /* CoreGraphics.framework */,
				913B5A45207EAA7B006DCBFD /* CoreImage.framework */,
				913B5A3E207EAA7B006DCBFD /* CoreLocation.framework */,
				913B5A47207EAA7B006DCBFD /* CoreTelephony.framework */,
				913B5A46207EAA7B006DCBFD /* CoreText.framework */,
				913B5A41207EAA7B006DCBFD /* GLKit.framework */,
				913B5A43207EAA7B006DCBFD /* ImageIO.framework */,
				913B5A3F207EAA7B006DCBFD /* libc++.1.tbd */,
				913B5A3D207EAA7B006DCBFD /* libz.tbd */,
				913B5A42207EAA7B006DCBFD /* SystemConfiguration.framework */,
				913B5A40207EAA7B006DCBFD /* UIKit.framework */,
			);
			name = Frameworks;
			sourceTree = "<group>";
		};
		91C01C7A207CE19000162F42 = {
			isa = PBXGroup;
			children = (
				91C01C85207CE19000162F42 /* BeOnTime-iOSApp */,
				91C01C84207CE19000162F42 /* Products */,
				913B5A3B207EAA7B006DCBFD /* Frameworks */,
			);
			sourceTree = "<group>";
		};
		91C01C84207CE19000162F42 /* Products */ = {
			isa = PBXGroup;
			children = (
				91C01C83207CE19000162F42 /* BeOnTime-iOSApp.app */,
			);
			name = Products;
			sourceTree = "<group>";
		};
		91C01C85207CE19000162F42 /* BeOnTime-iOSApp */ = {
			isa = PBXGroup;
			children = (
				913B5A2C207E99F4006DCBFD /* images */,
				91C01C86207CE19000162F42 /* AppDelegate.swift */,
				91C01C8A207CE19000162F42 /* Main.storyboard */,
				91C01C8D207CE19000162F42 /* Assets.xcassets */,
				91C01C8F207CE19000162F42 /* LaunchScreen.storyboard */,
				91C01C92207CE19000162F42 /* Info.plist */,
				917327B520868BF4008E6CA7 /* LoginViewController.swift */,
				917327B720868FF5008E6CA7 /* EmloyeeViewController.swift */,
				917327B92086902E008E6CA7 /* ManagerViewController.swift */,
				917327BD2086907F008E6CA7 /* EmployeeViewTableViewController.swift */,
			);
			path = "BeOnTime-iOSApp";
			sourceTree = "<group>";
		};
/* End PBXGroup section */

/* Begin PBXNativeTarget section */
		91C01C82207CE19000162F42 /* BeOnTime-iOSApp */ = {
			isa = PBXNativeTarget;
			buildConfigurationList = 91C01C95207CE19000162F42 /* Build configuration list for PBXNativeTarget "BeOnTime-iOSApp" */;
			buildPhases = (
				91C01C7F207CE19000162F42 /* Sources */,
				91C01C80207CE19000162F42 /* Frameworks */,
				91C01C81207CE19000162F42 /* Resources */,
			);
			buildRules = (
			);
			dependencies = (
			);
			name = "BeOnTime-iOSApp";
			productName = "BeOnTime-iOSApp";
			productReference = 91C01C83207CE19000162F42 /* BeOnTime-iOSApp.app */;
			productType = "com.apple.product-type.application";
		};
/* End PBXNativeTarget section */

/* Begin PBXProject section */
		91C01C7B207CE19000162F42 /* Project object */ = {
			isa = PBXProject;
			attributes = {
				LastSwiftUpdateCheck = 0920;
				LastUpgradeCheck = 0920;
				ORGANIZATIONNAME = "Parikh Dhruvin S.";
				TargetAttributes = {
					91C01C82207CE19000162F42 = {
						CreatedOnToolsVersion = 9.2;
						ProvisioningStyle = Automatic;
					};
				};
			};
			buildConfigurationList = 91C01C7E207CE19000162F42 /* Build configuration list for PBXProject "BeOnTime-iOSApp" */;
			compatibilityVersion = "Xcode 8.0";
			developmentRegion = en;
			hasScannedForEncodings = 0;
			knownRegions = (
				en,
				Base,
			);
			mainGroup = 91C01C7A207CE19000162F42;
			productRefGroup = 91C01C84207CE19000162F42 /* Products */;
			projectDirPath = "";
			projectRoot = "";
			targets = (
				91C01C82207CE19000162F42 /* BeOnTime-iOSApp */,
			);
		};
/* End PBXProject section */

/* Begin PBXResourcesBuildPhase section */
		91C01C81207CE19000162F42 /* Resources */ = {
			isa = PBXResourcesBuildPhase;
			buildActionMask = 2147483647;
			files = (
				913B5A30207E99F4006DCBFD /* beontime_logo_225x225.png in Resources */,
				91C01C91207CE19000162F42 /* LaunchScreen.storyboard in Resources */,
				913B5A32207E99F4006DCBFD /* beontime_logo_639x165.png in Resources */,
				91C01C8E207CE19000162F42 /* Assets.xcassets in Resources */,
				91C01C8C207CE19000162F42 /* Main.storyboard in Resources */,
				913B5A31207E99F4006DCBFD /* beontime_logo_32x32.png in Resources */,
			);
			runOnlyForDeploymentPostprocessing = 0;
		};
/* End PBXResourcesBuildPhase section */

/* Begin PBXSourcesBuildPhase section */
		91C01C7F207CE19000162F42 /* Sources */ = {
			isa = PBXSourcesBuildPhase;
			buildActionMask = 2147483647;
			files = (
				917327BE2086907F008E6CA7 /* EmployeeViewTableViewController.swift in Sources */,
				917327BA2086902E008E6CA7 /* ManagerViewController.swift in Sources */,
				917327B620868BF4008E6CA7 /* LoginViewController.swift in Sources */,
				917327B820868FF5008E6CA7 /* EmloyeeViewController.swift in Sources */,
				91C01C87207CE19000162F42 /* AppDelegate.swift in Sources */,
			);
			runOnlyForDeploymentPostprocessing = 0;
		};
/* End PBXSourcesBuildPhase section */

/* Begin PBXVariantGroup section */
		91C01C8A207CE19000162F42 /* Main.storyboard */ = {
			isa = PBXVariantGroup;
			children = (
				91C01C8B207CE19000162F42 /* Base */,
			);
			name = Main.storyboard;
			sourceTree = "<group>";
		};
		91C01C8F207CE19000162F42 /* LaunchScreen.storyboard */ = {
			isa = PBXVariantGroup;
			children = (
				91C01C90207CE19000162F42 /* Base */,
			);
			name = LaunchScreen.storyboard;
			sourceTree = "<group>";
		};
/* End PBXVariantGroup section */

/* Begin XCBuildConfiguration section */
		91C01C93207CE19000162F42 /* Debug */ = {
			isa = XCBuildConfiguration;
			buildSettings = {
				ALWAYS_SEARCH_USER_PATHS = NO;
				CLANG_ANALYZER_NONNULL = YES;
				CLANG_ANALYZER_NUMBER_OBJECT_CONVERSION = YES_AGGRESSIVE;
				CLANG_CXX_LANGUAGE_STANDARD = "gnu++14";
				CLANG_CXX_LIBRARY = "libc++";
				CLANG_ENABLE_MODULES = YES;
				CLANG_ENABLE_OBJC_ARC = YES;
				CLANG_WARN_BLOCK_CAPTURE_AUTORELEASING = YES;
				CLANG_WARN_BOOL_CONVERSION = YES;
				CLANG_WARN_COMMA = YES;
				CLANG_WARN_CONSTANT_CONVERSION = YES;
				CLANG_WARN_DIRECT_OBJC_ISA_USAGE = YES_ERROR;
				CLANG_WARN_DOCUMENTATION_COMMENTS = YES;
				CLANG_WARN_EMPTY_BODY = YES;
				CLANG_WARN_ENUM_CONVERSION = YES;
				CLANG_WARN_INFINITE_RECURSION = YES;
				CLANG_WARN_INT_CONVERSION = YES;
				CLANG_WARN_NON_LITERAL_NULL_CONVERSION = YES;
				CLANG_WARN_OBJC_LITERAL_CONVERSION = YES;
				CLANG_WARN_OBJC_ROOT_CLASS = YES_ERROR;
				CLANG_WARN_RANGE_LOOP_ANALYSIS = YES;
				CLANG_WARN_STRICT_PROTOTYPES = YES;
				CLANG_WARN_SUSPICIOUS_MOVE = YES;
				CLANG_WARN_UNGUARDED_AVAILABILITY = YES_AGGRESSIVE;
				CLANG_WARN_UNREACHABLE_CODE = YES;
				CLANG_WARN__DUPLICATE_METHOD_MATCH = YES;
				CODE_SIGN_IDENTITY = "iPhone Developer";
				COPY_PHASE_STRIP = NO;
				DEBUG_INFORMATION_FORMAT = dwarf;
				ENABLE_STRICT_OBJC_MSGSEND = YES;
				ENABLE_TESTABILITY = YES;
				GCC_C_LANGUAGE_STANDARD = gnu11;
				GCC_DYNAMIC_NO_PIC = NO;
				GCC_NO_COMMON_BLOCKS = YES;
				GCC_OPTIMIZATION_LEVEL = 0;
				GCC_PREPROCESSOR_DEFINITIONS = (
					"DEBUG=1",
					"$(inherited)",
				);
				GCC_WARN_64_TO_32_BIT_CONVERSION = YES;
				GCC_WARN_ABOUT_RETURN_TYPE = YES_ERROR;
				GCC_WARN_UNDECLARED_SELECTOR = YES;
				GCC_WARN_UNINITIALIZED_AUTOS = YES_AGGRESSIVE;
				GCC_WARN_UNUSED_FUNCTION = YES;
				GCC_WARN_UNUSED_VARIABLE = YES;
				IPHONEOS_DEPLOYMENT_TARGET = 11.2;
				MTL_ENABLE_DEBUG_INFO = YES;
				ONLY_ACTIVE_ARCH = YES;
				SDKROOT = iphoneos;
				SWIFT_ACTIVE_COMPILATION_CONDITIONS = DEBUG;
				SWIFT_OPTIMIZATION_LEVEL = "-Onone";
			};
			name = Debug;
		};
		91C01C94207CE19000162F42 /* Release */ = {
			isa = XCBuildConfiguration;
			buildSettings = {
				ALWAYS_SEARCH_USER_PATHS = NO;
				CLANG_ANALYZER_NONNULL = YES;
				CLANG_ANALYZER_NUMBER_OBJECT_CONVERSION = YES_AGGRESSIVE;
				CLANG_CXX_LANGUAGE_STANDARD = "gnu++14";
				CLANG_CXX_LIBRARY = "libc++";
				CLANG_ENABLE_MODULES = YES;
				CLANG_ENABLE_OBJC_ARC = YES;
				CLANG_WARN_BLOCK_CAPTURE_AUTORELEASING = YES;
				CLANG_WARN_BOOL_CONVERSION = YES;
				CLANG_WARN_COMMA = YES;
				CLANG_WARN_CONSTANT_CONVERSION = YES;
				CLANG_WARN_DIRECT_OBJC_ISA_USAGE = YES_ERROR;
				CLANG_WARN_DOCUMENTATION_COMMENTS = YES;
				CLANG_WARN_EMPTY_BODY = YES;
				CLANG_WARN_ENUM_CONVERSION = YES;
				CLANG_WARN_INFINITE_RECURSION = YES;
				CLANG_WARN_INT_CONVERSION = YES;
				CLANG_WARN_NON_LITERAL_NULL_CONVERSION = YES;
				CLANG_WARN_OBJC_LITERAL_CONVERSION = YES;
				CLANG_WARN_OBJC_ROOT_CLASS = YES_ERROR;
				CLANG_WARN_RANGE_LOOP_ANALYSIS = YES;
				CLANG_WARN_STRICT_PROTOTYPES = YES;
				CLANG_WARN_SUSPICIOUS_MOVE = YES;
				CLANG_WARN_UNGUARDED_AVAILABILITY = YES_AGGRESSIVE;
				CLANG_WARN_UNREACHABLE_CODE = YES;
				CLANG_WARN__DUPLICATE_METHOD_MATCH = YES;
				CODE_SIGN_IDENTITY = "iPhone Developer";
				COPY_PHASE_STRIP = NO;
				DEBUG_INFORMATION_FORMAT = "dwarf-with-dsym";
				ENABLE_NS_ASSERTIONS = NO;
				ENABLE_STRICT_OBJC_MSGSEND = YES;
				GCC_C_LANGUAGE_STANDARD = gnu11;
				GCC_NO_COMMON_BLOCKS = YES;
				GCC_WARN_64_TO_32_BIT_CONVERSION = YES;
				GCC_WARN_ABOUT_RETURN_TYPE = YES_ERROR;
				GCC_WARN_UNDECLARED_SELECTOR = YES;
				GCC_WARN_UNINITIALIZED_AUTOS = YES_AGGRESSIVE;
				GCC_WARN_UNUSED_FUNCTION = YES;
				GCC_WARN_UNUSED_VARIABLE = YES;
				IPHONEOS_DEPLOYMENT_TARGET = 11.2;
				MTL_ENABLE_DEBUG_INFO = NO;
				SDKROOT = iphoneos;
				SWIFT_OPTIMIZATION_LEVEL = "-Owholemodule";
				VALIDATE_PRODUCT = YES;
			};
			name = Release;
		};
		91C01C96207CE19000162F42 /* Debug */ = {
			isa = XCBuildConfiguration;
			buildSettings = {
				ASSETCATALOG_COMPILER_APPICON_NAME = AppIcon;
				CODE_SIGN_STYLE = Automatic;
				FRAMEWORK_SEARCH_PATHS = (
					"$(inherited)",
					"$(PROJECT_DIR)/BeOnTime-iOSApp",
				);
				INFOPLIST_FILE = "BeOnTime-iOSApp/Info.plist";
				LD_RUNPATH_SEARCH_PATHS = "$(inherited) @executable_path/Frameworks";
				PRODUCT_BUNDLE_IDENTIFIER = "BeOnTime.BeOnTime-iOSApp";
				PRODUCT_NAME = "$(TARGET_NAME)";
				SWIFT_VERSION = 4.0;
				TARGETED_DEVICE_FAMILY = "1,2";
			};
			name = Debug;
		};
		91C01C97207CE19000162F42 /* Release */ = {
			isa = XCBuildConfiguration;
			buildSettings = {
				ASSETCATALOG_COMPILER_APPICON_NAME = AppIcon;
				CODE_SIGN_STYLE = Automatic;
				FRAMEWORK_SEARCH_PATHS = (
					"$(inherited)",
					"$(PROJECT_DIR)/BeOnTime-iOSApp",
				);
				INFOPLIST_FILE = "BeOnTime-iOSApp/Info.plist";
				LD_RUNPATH_SEARCH_PATHS = "$(inherited) @executable_path/Frameworks";
				PRODUCT_BUNDLE_IDENTIFIER = "BeOnTime.BeOnTime-iOSApp";
				PRODUCT_NAME = "$(TARGET_NAME)";
				SWIFT_VERSION = 4.0;
				TARGETED_DEVICE_FAMILY = "1,2";
			};
			name = Release;
		};
/* End XCBuildConfiguration section */

/* Begin XCConfigurationList section */
		91C01C7E207CE19000162F42 /* Build configuration list for PBXProject "BeOnTime-iOSApp" */ = {
			isa = XCConfigurationList;
			buildConfigurations = (
				91C01C93207CE19000162F42 /* Debug */,
				91C01C94207CE19000162F42 /* Release */,
			);
			defaultConfigurationIsVisible = 0;
			defaultConfigurationName = Release;
		};
		91C01C95207CE19000162F42 /* Build configuration list for PBXNativeTarget "BeOnTime-iOSApp" */ = {
			isa = XCConfigurationList;
			buildConfigurations = (
				91C01C96207CE19000162F42 /* Debug */,
				91C01C97207CE19000162F42 /* Release */,
			);
			defaultConfigurationIsVisible = 0;
			defaultConfigurationName = Release;
		};
/* End XCConfigurationList section */
	};
	rootObject = 91C01C7B207CE19000162F42 /* Project object */;
}
